// !$*UTF8*$!
{
	archiveVersion = 1;
	classes = {
	};
	objectVersion = 52;
	objects = {

/* Begin PBXBuildFile section */
		8E1E48B3E0D1D3C3E037E62C /* Pods_Flixster.framework in Frameworks */ = {isa = PBXBuildFile; fileRef = 1F7703FB675C38E38F73867A /* Pods_Flixster.framework */; };
		A1040A2E26E55DDC00BF6963 /* AppDelegate.swift in Sources */ = {isa = PBXBuildFile; fileRef = A1040A2D26E55DDC00BF6963 /* AppDelegate.swift */; };
		A1040A3026E55DDC00BF6963 /* SceneDelegate.swift in Sources */ = {isa = PBXBuildFile; fileRef = A1040A2F26E55DDC00BF6963 /* SceneDelegate.swift */; };
		A1040A3526E55DDC00BF6963 /* Main.storyboard in Resources */ = {isa = PBXBuildFile; fileRef = A1040A3326E55DDC00BF6963 /* Main.storyboard */; };
		A1040A3726E55DDD00BF6963 /* Assets.xcassets in Resources */ = {isa = PBXBuildFile; fileRef = A1040A3626E55DDD00BF6963 /* Assets.xcassets */; };
		A1040A3A26E55DDD00BF6963 /* LaunchScreen.storyboard in Resources */ = {isa = PBXBuildFile; fileRef = A1040A3826E55DDD00BF6963 /* LaunchScreen.storyboard */; };
		A1040A4526E55DDE00BF6963 /* FlixsterTests.swift in Sources */ = {isa = PBXBuildFile; fileRef = A1040A4426E55DDE00BF6963 /* FlixsterTests.swift */; };
		A1040A5026E55DDE00BF6963 /* FlixsterUITests.swift in Sources */ = {isa = PBXBuildFile; fileRef = A1040A4F26E55DDE00BF6963 /* FlixsterUITests.swift */; };
		A1040A5E26E58B2D00BF6963 /* MoviesViewController.swift in Sources */ = {isa = PBXBuildFile; fileRef = A1040A5D26E58B2D00BF6963 /* MoviesViewController.swift */; };
		A114626F26F57E31009FDA60 /* MovieDetailsViewController.swift in Sources */ = {isa = PBXBuildFile; fileRef = A114626E26F57E31009FDA60 /* MovieDetailsViewController.swift */; };
		A114627126F58E21009FDA60 /* MovieGridViewController.swift in Sources */ = {isa = PBXBuildFile; fileRef = A114627026F58E21009FDA60 /* MovieGridViewController.swift */; };
		A114627326F59423009FDA60 /* MovieGridCell.swift in Sources */ = {isa = PBXBuildFile; fileRef = A114627226F59423009FDA60 /* MovieGridCell.swift */; };
		A13D365F26E86EAB00877964 /* MovieCell.swift in Sources */ = {isa = PBXBuildFile; fileRef = A13D365E26E86EAB00877964 /* MovieCell.swift */; };
		A13D366226E8770400877964 /* AlamofireImage in Frameworks */ = {isa = PBXBuildFile; productRef = A13D366126E8770400877964 /* AlamofireImage */; };
		D23D2070C5BBA9206CDB90A6 /* Pods_FlixsterTests.framework in Frameworks */ = {isa = PBXBuildFile; fileRef = 37E07F2BD02B85A7BBDE25A6 /* Pods_FlixsterTests.framework */; };
		E3196BFE5D77AEC90BE9D31A /* Pods_Flixster_FlixsterUITests.framework in Frameworks */ = {isa = PBXBuildFile; fileRef = F68FB2902A53662FDD23655F /* Pods_Flixster_FlixsterUITests.framework */; };
/* End PBXBuildFile section */

/* Begin PBXContainerItemProxy section */
		A1040A4126E55DDE00BF6963 /* PBXContainerItemProxy */ = {
			isa = PBXContainerItemProxy;
			containerPortal = A1040A2226E55DDC00BF6963 /* Project object */;
			proxyType = 1;
			remoteGlobalIDString = A1040A2926E55DDC00BF6963;
			remoteInfo = Flixster;
		};
		A1040A4C26E55DDE00BF6963 /* PBXContainerItemProxy */ = {
			isa = PBXContainerItemProxy;
			containerPortal = A1040A2226E55DDC00BF6963 /* Project object */;
			proxyType = 1;
			remoteGlobalIDString = A1040A2926E55DDC00BF6963;
			remoteInfo = Flixster;
		};
/* End PBXContainerItemProxy section */

/* Begin PBXFileReference section */
		072354F56191F60A63E3A4D3 /* Pods-FlixsterTests.release.xcconfig */ = {isa = PBXFileReference; includeInIndex = 1; lastKnownFileType = text.xcconfig; name = "Pods-FlixsterTests.release.xcconfig"; path = "Target Support Files/Pods-FlixsterTests/Pods-FlixsterTests.release.xcconfig"; sourceTree = "<group>"; };
		1F7703FB675C38E38F73867A /* Pods_Flixster.framework */ = {isa = PBXFileReference; explicitFileType = wrapper.framework; includeInIndex = 0; path = Pods_Flixster.framework; sourceTree = BUILT_PRODUCTS_DIR; };
		2F8B23459B6BF0F51C1FE3A3 /* Pods-FlixsterTests.debug.xcconfig */ = {isa = PBXFileReference; includeInIndex = 1; lastKnownFileType = text.xcconfig; name = "Pods-FlixsterTests.debug.xcconfig"; path = "Target Support Files/Pods-FlixsterTests/Pods-FlixsterTests.debug.xcconfig"; sourceTree = "<group>"; };
		30DF5EF82D8D4389FEB34CEC /* Pods-Flixster-FlixsterUITests.debug.xcconfig */ = {isa = PBXFileReference; includeInIndex = 1; lastKnownFileType = text.xcconfig; name = "Pods-Flixster-FlixsterUITests.debug.xcconfig"; path = "Target Support Files/Pods-Flixster-FlixsterUITests/Pods-Flixster-FlixsterUITests.debug.xcconfig"; sourceTree = "<group>"; };
		375FC6145F078A3F5457C118 /* Pods-Flixster.release.xcconfig */ = {isa = PBXFileReference; includeInIndex = 1; lastKnownFileType = text.xcconfig; name = "Pods-Flixster.release.xcconfig"; path = "Target Support Files/Pods-Flixster/Pods-Flixster.release.xcconfig"; sourceTree = "<group>"; };
		37E07F2BD02B85A7BBDE25A6 /* Pods_FlixsterTests.framework */ = {isa = PBXFileReference; explicitFileType = wrapper.framework; includeInIndex = 0; path = Pods_FlixsterTests.framework; sourceTree = BUILT_PRODUCTS_DIR; };
		4F541F142228FB1D2C376B3C /* Pods-Flixster.debug.xcconfig */ = {isa = PBXFileReference; includeInIndex = 1; lastKnownFileType = text.xcconfig; name = "Pods-Flixster.debug.xcconfig"; path = "Target Support Files/Pods-Flixster/Pods-Flixster.debug.xcconfig"; sourceTree = "<group>"; };
		A1040A2A26E55DDC00BF6963 /* Flixster.app */ = {isa = PBXFileReference; explicitFileType = wrapper.application; includeInIndex = 0; path = Flixster.app; sourceTree = BUILT_PRODUCTS_DIR; };
		A1040A2D26E55DDC00BF6963 /* AppDelegate.swift */ = {isa = PBXFileReference; lastKnownFileType = sourcecode.swift; path = AppDelegate.swift; sourceTree = "<group>"; };
		A1040A2F26E55DDC00BF6963 /* SceneDelegate.swift */ = {isa = PBXFileReference; lastKnownFileType = sourcecode.swift; path = SceneDelegate.swift; sourceTree = "<group>"; };
		A1040A3426E55DDC00BF6963 /* Base */ = {isa = PBXFileReference; lastKnownFileType = file.storyboard; name = Base; path = Base.lproj/Main.storyboard; sourceTree = "<group>"; };
		A1040A3626E55DDD00BF6963 /* Assets.xcassets */ = {isa = PBXFileReference; lastKnownFileType = folder.assetcatalog; path = Assets.xcassets; sourceTree = "<group>"; };
		A1040A3926E55DDD00BF6963 /* Base */ = {isa = PBXFileReference; lastKnownFileType = file.storyboard; name = Base; path = Base.lproj/LaunchScreen.storyboard; sourceTree = "<group>"; };
		A1040A3B26E55DDD00BF6963 /* Info.plist */ = {isa = PBXFileReference; lastKnownFileType = text.plist.xml; path = Info.plist; sourceTree = "<group>"; };
		A1040A4026E55DDE00BF6963 /* FlixsterTests.xctest */ = {isa = PBXFileReference; explicitFileType = wrapper.cfbundle; includeInIndex = 0; path = FlixsterTests.xctest; sourceTree = BUILT_PRODUCTS_DIR; };
		A1040A4426E55DDE00BF6963 /* FlixsterTests.swift */ = {isa = PBXFileReference; lastKnownFileType = sourcecode.swift; path = FlixsterTests.swift; sourceTree = "<group>"; };
		A1040A4626E55DDE00BF6963 /* Info.plist */ = {isa = PBXFileReference; lastKnownFileType = text.plist.xml; path = Info.plist; sourceTree = "<group>"; };
		A1040A4B26E55DDE00BF6963 /* FlixsterUITests.xctest */ = {isa = PBXFileReference; explicitFileType = wrapper.cfbundle; includeInIndex = 0; path = FlixsterUITests.xctest; sourceTree = BUILT_PRODUCTS_DIR; };
		A1040A4F26E55DDE00BF6963 /* FlixsterUITests.swift */ = {isa = PBXFileReference; lastKnownFileType = sourcecode.swift; path = FlixsterUITests.swift; sourceTree = "<group>"; };
		A1040A5126E55DDE00BF6963 /* Info.plist */ = {isa = PBXFileReference; lastKnownFileType = text.plist.xml; path = Info.plist; sourceTree = "<group>"; };
		A1040A5D26E58B2D00BF6963 /* MoviesViewController.swift */ = {isa = PBXFileReference; lastKnownFileType = sourcecode.swift; path = MoviesViewController.swift; sourceTree = "<group>"; };
		A114626E26F57E31009FDA60 /* MovieDetailsViewController.swift */ = {isa = PBXFileReference; lastKnownFileType = sourcecode.swift; path = MovieDetailsViewController.swift; sourceTree = "<group>"; };
		A114627026F58E21009FDA60 /* MovieGridViewController.swift */ = {isa = PBXFileReference; lastKnownFileType = sourcecode.swift; path = MovieGridViewController.swift; sourceTree = "<group>"; };
		A114627226F59423009FDA60 /* MovieGridCell.swift */ = {isa = PBXFileReference; lastKnownFileType = sourcecode.swift; path = MovieGridCell.swift; sourceTree = "<group>"; };
		A13D365E26E86EAB00877964 /* MovieCell.swift */ = {isa = PBXFileReference; lastKnownFileType = sourcecode.swift; path = MovieCell.swift; sourceTree = "<group>"; };
		F68FB2902A53662FDD23655F /* Pods_Flixster_FlixsterUITests.framework */ = {isa = PBXFileReference; explicitFileType = wrapper.framework; includeInIndex = 0; path = Pods_Flixster_FlixsterUITests.framework; sourceTree = BUILT_PRODUCTS_DIR; };
		F881685DB471E39C2E4F1C41 /* Pods-Flixster-FlixsterUITests.release.xcconfig */ = {isa = PBXFileReference; includeInIndex = 1; lastKnownFileType = text.xcconfig; name = "Pods-Flixster-FlixsterUITests.release.xcconfig"; path = "Target Support Files/Pods-Flixster-FlixsterUITests/Pods-Flixster-FlixsterUITests.release.xcconfig"; sourceTree = "<group>"; };
/* End PBXFileReference section */

/* Begin PBXFrameworksBuildPhase section */
		A1040A2726E55DDC00BF6963 /* Frameworks */ = {
			isa = PBXFrameworksBuildPhase;
			buildActionMask = 2147483647;
			files = (
				A13D366226E8770400877964 /* AlamofireImage in Frameworks */,
				8E1E48B3E0D1D3C3E037E62C /* Pods_Flixster.framework in Frameworks */,
			);
			runOnlyForDeploymentPostprocessing = 0;
		};
		A1040A3D26E55DDE00BF6963 /* Frameworks */ = {
			isa = PBXFrameworksBuildPhase;
			buildActionMask = 2147483647;
			files = (
				D23D2070C5BBA9206CDB90A6 /* Pods_FlixsterTests.framework in Frameworks */,
			);
			runOnlyForDeploymentPostprocessing = 0;
		};
		A1040A4826E55DDE00BF6963 /* Frameworks */ = {
			isa = PBXFrameworksBuildPhase;
			buildActionMask = 2147483647;
			files = (
				E3196BFE5D77AEC90BE9D31A /* Pods_Flixster_FlixsterUITests.framework in Frameworks */,
			);
			runOnlyForDeploymentPostprocessing = 0;
		};
/* End PBXFrameworksBuildPhase section */

/* Begin PBXGroup section */
		31F67586B98262EB4D81971E /* Frameworks */ = {
			isa = PBXGroup;
			children = (
				1F7703FB675C38E38F73867A /* Pods_Flixster.framework */,
				F68FB2902A53662FDD23655F /* Pods_Flixster_FlixsterUITests.framework */,
				37E07F2BD02B85A7BBDE25A6 /* Pods_FlixsterTests.framework */,
			);
			name = Frameworks;
			sourceTree = "<group>";
		};
		8F088E4624D538051DC078C5 /* Pods */ = {
			isa = PBXGroup;
			children = (
				4F541F142228FB1D2C376B3C /* Pods-Flixster.debug.xcconfig */,
				375FC6145F078A3F5457C118 /* Pods-Flixster.release.xcconfig */,
				30DF5EF82D8D4389FEB34CEC /* Pods-Flixster-FlixsterUITests.debug.xcconfig */,
				F881685DB471E39C2E4F1C41 /* Pods-Flixster-FlixsterUITests.release.xcconfig */,
				2F8B23459B6BF0F51C1FE3A3 /* Pods-FlixsterTests.debug.xcconfig */,
				072354F56191F60A63E3A4D3 /* Pods-FlixsterTests.release.xcconfig */,
			);
			path = Pods;
			sourceTree = "<group>";
		};
		A1040A2126E55DDC00BF6963 = {
			isa = PBXGroup;
			children = (
				A1040A2C26E55DDC00BF6963 /* Flixster */,
				A1040A4326E55DDE00BF6963 /* FlixsterTests */,
				A1040A4E26E55DDE00BF6963 /* FlixsterUITests */,
				A1040A2B26E55DDC00BF6963 /* Products */,
				8F088E4624D538051DC078C5 /* Pods */,
				31F67586B98262EB4D81971E /* Frameworks */,
			);
			sourceTree = "<group>";
		};
		A1040A2B26E55DDC00BF6963 /* Products */ = {
			isa = PBXGroup;
			children = (
				A1040A2A26E55DDC00BF6963 /* Flixster.app */,
				A1040A4026E55DDE00BF6963 /* FlixsterTests.xctest */,
				A1040A4B26E55DDE00BF6963 /* FlixsterUITests.xctest */,
			);
			name = Products;
			sourceTree = "<group>";
		};
		A1040A2C26E55DDC00BF6963 /* Flixster */ = {
			isa = PBXGroup;
			children = (
				A1040A2D26E55DDC00BF6963 /* AppDelegate.swift */,
				A1040A2F26E55DDC00BF6963 /* SceneDelegate.swift */,
				A1040A3326E55DDC00BF6963 /* Main.storyboard */,
				A1040A3626E55DDD00BF6963 /* Assets.xcassets */,
				A1040A3826E55DDD00BF6963 /* LaunchScreen.storyboard */,
				A1040A3B26E55DDD00BF6963 /* Info.plist */,
				A1040A5D26E58B2D00BF6963 /* MoviesViewController.swift */,
				A13D365E26E86EAB00877964 /* MovieCell.swift */,
				A114626E26F57E31009FDA60 /* MovieDetailsViewController.swift */,
				A114627026F58E21009FDA60 /* MovieGridViewController.swift */,
				A114627226F59423009FDA60 /* MovieGridCell.swift */,
			);
			path = Flixster;
			sourceTree = "<group>";
		};
		A1040A4326E55DDE00BF6963 /* FlixsterTests */ = {
			isa = PBXGroup;
			children = (
				A1040A4426E55DDE00BF6963 /* FlixsterTests.swift */,
				A1040A4626E55DDE00BF6963 /* Info.plist */,
			);
			path = FlixsterTests;
			sourceTree = "<group>";
		};
		A1040A4E26E55DDE00BF6963 /* FlixsterUITests */ = {
			isa = PBXGroup;
			children = (
				A1040A4F26E55DDE00BF6963 /* FlixsterUITests.swift */,
				A1040A5126E55DDE00BF6963 /* Info.plist */,
			);
			path = FlixsterUITests;
			sourceTree = "<group>";
		};
/* End PBXGroup section */

/* Begin PBXNativeTarget section */
		A1040A2926E55DDC00BF6963 /* Flixster */ = {
			isa = PBXNativeTarget;
			buildConfigurationList = A1040A5426E55DDE00BF6963 /* Build configuration list for PBXNativeTarget "Flixster" */;
			buildPhases = (
				2D92E91ACC1668AA9751B941 /* [CP] Check Pods Manifest.lock */,
				A1040A2626E55DDC00BF6963 /* Sources */,
				A1040A2726E55DDC00BF6963 /* Frameworks */,
				A1040A2826E55DDC00BF6963 /* Resources */,
				1A45F36D586BE3090C127A48 /* [CP] Embed Pods Frameworks */,
			);
			buildRules = (
			);
			dependencies = (
			);
			name = Flixster;
			packageProductDependencies = (
				A13D366126E8770400877964 /* AlamofireImage */,
			);
			productName = Flixster;
			productReference = A1040A2A26E55DDC00BF6963 /* Flixster.app */;
			productType = "com.apple.product-type.application";
		};
		A1040A3F26E55DDE00BF6963 /* FlixsterTests */ = {
			isa = PBXNativeTarget;
			buildConfigurationList = A1040A5726E55DDE00BF6963 /* Build configuration list for PBXNativeTarget "FlixsterTests" */;
			buildPhases = (
				C97571A91BAEF24D765EDB60 /* [CP] Check Pods Manifest.lock */,
				A1040A3C26E55DDE00BF6963 /* Sources */,
				A1040A3D26E55DDE00BF6963 /* Frameworks */,
				A1040A3E26E55DDE00BF6963 /* Resources */,
			);
			buildRules = (
			);
			dependencies = (
				A1040A4226E55DDE00BF6963 /* PBXTargetDependency */,
			);
			name = FlixsterTests;
			productName = FlixsterTests;
			productReference = A1040A4026E55DDE00BF6963 /* FlixsterTests.xctest */;
			productType = "com.apple.product-type.bundle.unit-test";
		};
		A1040A4A26E55DDE00BF6963 /* FlixsterUITests */ = {
			isa = PBXNativeTarget;
			buildConfigurationList = A1040A5A26E55DDE00BF6963 /* Build configuration list for PBXNativeTarget "FlixsterUITests" */;
			buildPhases = (
				BF5AB96C8B10F5EA5D591CE3 /* [CP] Check Pods Manifest.lock */,
				A1040A4726E55DDE00BF6963 /* Sources */,
				A1040A4826E55DDE00BF6963 /* Frameworks */,
				A1040A4926E55DDE00BF6963 /* Resources */,
				7E0260456D418D8C5BEF3D23 /* [CP] Embed Pods Frameworks */,
			);
			buildRules = (
			);
			dependencies = (
				A1040A4D26E55DDE00BF6963 /* PBXTargetDependency */,
			);
			name = FlixsterUITests;
			productName = FlixsterUITests;
			productReference = A1040A4B26E55DDE00BF6963 /* FlixsterUITests.xctest */;
			productType = "com.apple.product-type.bundle.ui-testing";
		};
/* End PBXNativeTarget section */

/* Begin PBXProject section */
		A1040A2226E55DDC00BF6963 /* Project object */ = {
			isa = PBXProject;
			attributes = {
				LastSwiftUpdateCheck = 1250;
				LastUpgradeCheck = 1250;
				TargetAttributes = {
					A1040A2926E55DDC00BF6963 = {
						CreatedOnToolsVersion = 12.5.1;
					};
					A1040A3F26E55DDE00BF6963 = {
						CreatedOnToolsVersion = 12.5.1;
						TestTargetID = A1040A2926E55DDC00BF6963;
					};
					A1040A4A26E55DDE00BF6963 = {
						CreatedOnToolsVersion = 12.5.1;
						TestTargetID = A1040A2926E55DDC00BF6963;
					};
				};
			};
			buildConfigurationList = A1040A2526E55DDC00BF6963 /* Build configuration list for PBXProject "Flixster" */;
			compatibilityVersion = "Xcode 9.3";
			developmentRegion = en;
			hasScannedForEncodings = 0;
			knownRegions = (
				en,
				Base,
			);
			mainGroup = A1040A2126E55DDC00BF6963;
			packageReferences = (
				A13D366026E8770400877964 /* XCRemoteSwiftPackageReference "AlamofireImage" */,
			);
			productRefGroup = A1040A2B26E55DDC00BF6963 /* Products */;
			projectDirPath = "";
			projectRoot = "";
			targets = (
				A1040A2926E55DDC00BF6963 /* Flixster */,
				A1040A3F26E55DDE00BF6963 /* FlixsterTests */,
				A1040A4A26E55DDE00BF6963 /* FlixsterUITests */,
			);
		};
/* End PBXProject section */

/* Begin PBXResourcesBuildPhase section */
		A1040A2826E55DDC00BF6963 /* Resources */ = {
			isa = PBXResourcesBuildPhase;
			buildActionMask = 2147483647;
			files = (
				A1040A3A26E55DDD00BF6963 /* LaunchScreen.storyboard in Resources */,
				A1040A3726E55DDD00BF6963 /* Assets.xcassets in Resources */,
				A1040A3526E55DDC00BF6963 /* Main.storyboard in Resources */,
			);
			runOnlyForDeploymentPostprocessing = 0;
		};
		A1040A3E26E55DDE00BF6963 /* Resources */ = {
			isa = PBXResourcesBuildPhase;
			buildActionMask = 2147483647;
			files = (
			);
			runOnlyForDeploymentPostprocessing = 0;
		};
		A1040A4926E55DDE00BF6963 /* Resources */ = {
			isa = PBXResourcesBuildPhase;
			buildActionMask = 2147483647;
			files = (
			);
			runOnlyForDeploymentPostprocessing = 0;
		};
/* End PBXResourcesBuildPhase section */

/* Begin PBXShellScriptBuildPhase section */
		1A45F36D586BE3090C127A48 /* [CP] Embed Pods Frameworks */ = {
			isa = PBXShellScriptBuildPhase;
			buildActionMask = 2147483647;
			files = (
			);
			inputFileListPaths = (
				"${PODS_ROOT}/Target Support Files/Pods-Flixster/Pods-Flixster-frameworks-${CONFIGURATION}-input-files.xcfilelist",
			);
			name = "[CP] Embed Pods Frameworks";
			outputFileListPaths = (
				"${PODS_ROOT}/Target Support Files/Pods-Flixster/Pods-Flixster-frameworks-${CONFIGURATION}-output-files.xcfilelist",
			);
			runOnlyForDeploymentPostprocessing = 0;
			shellPath = /bin/sh;
			shellScript = "\"${PODS_ROOT}/Target Support Files/Pods-Flixster/Pods-Flixster-frameworks.sh\"\n";
			showEnvVarsInLog = 0;
		};
		2D92E91ACC1668AA9751B941 /* [CP] Check Pods Manifest.lock */ = {
			isa = PBXShellScriptBuildPhase;
			buildActionMask = 2147483647;
			files = (
			);
			inputFileListPaths = (
			);
			inputPaths = (
				"${PODS_PODFILE_DIR_PATH}/Podfile.lock",
				"${PODS_ROOT}/Manifest.lock",
			);
			name = "[CP] Check Pods Manifest.lock";
			outputFileListPaths = (
			);
			outputPaths = (
				"$(DERIVED_FILE_DIR)/Pods-Flixster-checkManifestLockResult.txt",
			);
			runOnlyForDeploymentPostprocessing = 0;
			shellPath = /bin/sh;
			shellScript = "diff \"${PODS_PODFILE_DIR_PATH}/Podfile.lock\" \"${PODS_ROOT}/Manifest.lock\" > /dev/null\nif [ $? != 0 ] ; then\n    # print error to STDERR\n    echo \"error: The sandbox is not in sync with the Podfile.lock. Run 'pod install' or update your CocoaPods installation.\" >&2\n    exit 1\nfi\n# This output is used by Xcode 'outputs' to avoid re-running this script phase.\necho \"SUCCESS\" > \"${SCRIPT_OUTPUT_FILE_0}\"\n";
			showEnvVarsInLog = 0;
		};
		7E0260456D418D8C5BEF3D23 /* [CP] Embed Pods Frameworks */ = {
			isa = PBXShellScriptBuildPhase;
			buildActionMask = 2147483647;
			files = (
			);
			inputFileListPaths = (
				"${PODS_ROOT}/Target Support Files/Pods-Flixster-FlixsterUITests/Pods-Flixster-FlixsterUITests-frameworks-${CONFIGURATION}-input-files.xcfilelist",
			);
			name = "[CP] Embed Pods Frameworks";
			outputFileListPaths = (
				"${PODS_ROOT}/Target Support Files/Pods-Flixster-FlixsterUITests/Pods-Flixster-FlixsterUITests-frameworks-${CONFIGURATION}-output-files.xcfilelist",
			);
			runOnlyForDeploymentPostprocessing = 0;
			shellPath = /bin/sh;
			shellScript = "\"${PODS_ROOT}/Target Support Files/Pods-Flixster-FlixsterUITests/Pods-Flixster-FlixsterUITests-frameworks.sh\"\n";
			showEnvVarsInLog = 0;
		};
		BF5AB96C8B10F5EA5D591CE3 /* [CP] Check Pods Manifest.lock */ = {
			isa = PBXShellScriptBuildPhase;
			buildActionMask = 2147483647;
			files = (
			);
			inputFileListPaths = (
			);
			inputPaths = (
				"${PODS_PODFILE_DIR_PATH}/Podfile.lock",
				"${PODS_ROOT}/Manifest.lock",
			);
			name = "[CP] Check Pods Manifest.lock";
			outputFileListPaths = (
			);
			outputPaths = (
				"$(DERIVED_FILE_DIR)/Pods-Flixster-FlixsterUITests-checkManifestLockResult.txt",
			);
			runOnlyForDeploymentPostprocessing = 0;
			shellPath = /bin/sh;
			shellScript = "diff \"${PODS_PODFILE_DIR_PATH}/Podfile.lock\" \"${PODS_ROOT}/Manifest.lock\" > /dev/null\nif [ $? != 0 ] ; then\n    # print error to STDERR\n    echo \"error: The sandbox is not in sync with the Podfile.lock. Run 'pod install' or update your CocoaPods installation.\" >&2\n    exit 1\nfi\n# This output is used by Xcode 'outputs' to avoid re-running this script phase.\necho \"SUCCESS\" > \"${SCRIPT_OUTPUT_FILE_0}\"\n";
			showEnvVarsInLog = 0;
		};
		C97571A91BAEF24D765EDB60 /* [CP] Check Pods Manifest.lock */ = {
			isa = PBXShellScriptBuildPhase;
			buildActionMask = 2147483647;
			files = (
			);
			inputFileListPaths = (
			);
			inputPaths = (
				"${PODS_PODFILE_DIR_PATH}/Podfile.lock",
				"${PODS_ROOT}/Manifest.lock",
			);
			name = "[CP] Check Pods Manifest.lock";
			outputFileListPaths = (
			);
			outputPaths = (
				"$(DERIVED_FILE_DIR)/Pods-FlixsterTests-checkManifestLockResult.txt",
			);
			runOnlyForDeploymentPostprocessing = 0;
			shellPath = /bin/sh;
			shellScript = "diff \"${PODS_PODFILE_DIR_PATH}/Podfile.lock\" \"${PODS_ROOT}/Manifest.lock\" > /dev/null\nif [ $? != 0 ] ; then\n    # print error to STDERR\n    echo \"error: The sandbox is not in sync with the Podfile.lock. Run 'pod install' or update your CocoaPods installation.\" >&2\n    exit 1\nfi\n# This output is used by Xcode 'outputs' to avoid re-running this script phase.\necho \"SUCCESS\" > \"${SCRIPT_OUTPUT_FILE_0}\"\n";
			showEnvVarsInLog = 0;
		};
/* End PBXShellScriptBuildPhase section */

/* Begin PBXSourcesBuildPhase section */
		A1040A2626E55DDC00BF6963 /* Sources */ = {
			isa = PBXSourcesBuildPhase;
			buildActionMask = 2147483647;
			files = (
				A114626F26F57E31009FDA60 /* MovieDetailsViewController.swift in Sources */,
				A1040A2E26E55DDC00BF6963 /* AppDelegate.swift in Sources */,
				A1040A3026E55DDC00BF6963 /* SceneDelegate.swift in Sources */,
				A13D365F26E86EAB00877964 /* MovieCell.swift in Sources */,
				A1040A5E26E58B2D00BF6963 /* MoviesViewController.swift in Sources */,
				A114627126F58E21009FDA60 /* MovieGridViewController.swift in Sources */,
				A114627326F59423009FDA60 /* MovieGridCell.swift in Sources */,
			);
			runOnlyForDeploymentPostprocessing = 0;
		};
		A1040A3C26E55DDE00BF6963 /* Sources */ = {
			isa = PBXSourcesBuildPhase;
			buildActionMask = 2147483647;
			files = (
				A1040A4526E55DDE00BF6963 /* FlixsterTests.swift in Sources */,
			);
			runOnlyForDeploymentPostprocessing = 0;
		};
		A1040A4726E55DDE00BF6963 /* Sources */ = {
			isa = PBXSourcesBuildPhase;
			buildActionMask = 2147483647;
			files = (
				A1040A5026E55DDE00BF6963 /* FlixsterUITests.swift in Sources */,
			);
			runOnlyForDeploymentPostprocessing = 0;
		};
/* End PBXSourcesBuildPhase section */

/* Begin PBXTargetDependency section */
		A1040A4226E55DDE00BF6963 /* PBXTargetDependency */ = {
			isa = PBXTargetDependency;
			target = A1040A2926E55DDC00BF6963 /* Flixster */;
			targetProxy = A1040A4126E55DDE00BF6963 /* PBXContainerItemProxy */;
		};
		A1040A4D26E55DDE00BF6963 /* PBXTargetDependency */ = {
			isa = PBXTargetDependency;
			target = A1040A2926E55DDC00BF6963 /* Flixster */;
			targetProxy = A1040A4C26E55DDE00BF6963 /* PBXContainerItemProxy */;
		};
/* End PBXTargetDependency section */

/* Begin PBXVariantGroup section */
		A1040A3326E55DDC00BF6963 /* Main.storyboard */ = {
			isa = PBXVariantGroup;
			children = (
				A1040A3426E55DDC00BF6963 /* Base */,
			);
			name = Main.storyboard;
			sourceTree = "<group>";
		};
		A1040A3826E55DDD00BF6963 /* LaunchScreen.storyboard */ = {
			isa = PBXVariantGroup;
			children = (
				A1040A3926E55DDD00BF6963 /* Base */,
			);
			name = LaunchScreen.storyboard;
			sourceTree = "<group>";
		};
/* End PBXVariantGroup section */

/* Begin XCBuildConfiguration section */
		A1040A5226E55DDE00BF6963 /* Debug */ = {
			isa = XCBuildConfiguration;
			buildSettings = {
				ALWAYS_SEARCH_USER_PATHS = NO;
				CLANG_ANALYZER_NONNULL = YES;
				CLANG_ANALYZER_NUMBER_OBJECT_CONVERSION = YES_AGGRESSIVE;
				CLANG_CXX_LANGUAGE_STANDARD = "gnu++14";
				CLANG_CXX_LIBRARY = "libc++";
				CLANG_ENABLE_MODULES = YES;
				CLANG_ENABLE_OBJC_ARC = YES;
				CLANG_ENABLE_OBJC_WEAK = YES;
				CLANG_WARN_BLOCK_CAPTURE_AUTORELEASING = YES;
				CLANG_WARN_BOOL_CONVERSION = YES;
				CLANG_WARN_COMMA = YES;
				CLANG_WARN_CONSTANT_CONVERSION = YES;
				CLANG_WARN_DEPRECATED_OBJC_IMPLEMENTATIONS = YES;
				CLANG_WARN_DIRECT_OBJC_ISA_USAGE = YES_ERROR;
				CLANG_WARN_DOCUMENTATION_COMMENTS = YES;
				CLANG_WARN_EMPTY_BODY = YES;
				CLANG_WARN_ENUM_CONVERSION = YES;
				CLANG_WARN_INFINITE_RECURSION = YES;
				CLANG_WARN_INT_CONVERSION = YES;
				CLANG_WARN_NON_LITERAL_NULL_CONVERSION = YES;
				CLANG_WARN_OBJC_IMPLICIT_RETAIN_SELF = YES;
				CLANG_WARN_OBJC_LITERAL_CONVERSION = YES;
				CLANG_WARN_OBJC_ROOT_CLASS = YES_ERROR;
				CLANG_WARN_QUOTED_INCLUDE_IN_FRAMEWORK_HEADER = YES;
				CLANG_WARN_RANGE_LOOP_ANALYSIS = YES;
				CLANG_WARN_STRICT_PROTOTYPES = YES;
				CLANG_WARN_SUSPICIOUS_MOVE = YES;
				CLANG_WARN_UNGUARDED_AVAILABILITY = YES_AGGRESSIVE;
				CLANG_WARN_UNREACHABLE_CODE = YES;
				CLANG_WARN__DUPLICATE_METHOD_MATCH = YES;
				COPY_PHASE_STRIP = NO;
				DEBUG_INFORMATION_FORMAT = dwarf;
				ENABLE_STRICT_OBJC_MSGSEND = YES;
				ENABLE_TESTABILITY = YES;
				GCC_C_LANGUAGE_STANDARD = gnu11;
				GCC_DYNAMIC_NO_PIC = NO;
				GCC_NO_COMMON_BLOCKS = YES;
				GCC_OPTIMIZATION_LEVEL = 0;
				GCC_PREPROCESSOR_DEFINITIONS = (
					"DEBUG=1",
					"$(inherited)",
				);
				GCC_WARN_64_TO_32_BIT_CONVERSION = YES;
				GCC_WARN_ABOUT_RETURN_TYPE = YES_ERROR;
				GCC_WARN_UNDECLARED_SELECTOR = YES;
				GCC_WARN_UNINITIALIZED_AUTOS = YES_AGGRESSIVE;
				GCC_WARN_UNUSED_FUNCTION = YES;
				GCC_WARN_UNUSED_VARIABLE = YES;
				IPHONEOS_DEPLOYMENT_TARGET = 14.5;
				MTL_ENABLE_DEBUG_INFO = INCLUDE_SOURCE;
				MTL_FAST_MATH = YES;
				ONLY_ACTIVE_ARCH = YES;
				SDKROOT = iphoneos;
				SWIFT_ACTIVE_COMPILATION_CONDITIONS = DEBUG;
				SWIFT_OPTIMIZATION_LEVEL = "-Onone";
			};
			name = Debug;
		};
		A1040A5326E55DDE00BF6963 /* Release */ = {
			isa = XCBuildConfiguration;
			buildSettings = {
				ALWAYS_SEARCH_USER_PATHS = NO;
				CLANG_ANALYZER_NONNULL = YES;
				CLANG_ANALYZER_NUMBER_OBJECT_CONVERSION = YES_AGGRESSIVE;
				CLANG_CXX_LANGUAGE_STANDARD = "gnu++14";
				CLANG_CXX_LIBRARY = "libc++";
				CLANG_ENABLE_MODULES = YES;
				CLANG_ENABLE_OBJC_ARC = YES;
				CLANG_ENABLE_OBJC_WEAK = YES;
				CLANG_WARN_BLOCK_CAPTURE_AUTORELEASING = YES;
				CLANG_WARN_BOOL_CONVERSION = YES;
				CLANG_WARN_COMMA = YES;
				CLANG_WARN_CONSTANT_CONVERSION = YES;
				CLANG_WARN_DEPRECATED_OBJC_IMPLEMENTATIONS = YES;
				CLANG_WARN_DIRECT_OBJC_ISA_USAGE = YES_ERROR;
				CLANG_WARN_DOCUMENTATION_COMMENTS = YES;
				CLANG_WARN_EMPTY_BODY = YES;
				CLANG_WARN_ENUM_CONVERSION = YES;
				CLANG_WARN_INFINITE_RECURSION = YES;
				CLANG_WARN_INT_CONVERSION = YES;
				CLANG_WARN_NON_LITERAL_NULL_CONVERSION = YES;
				CLANG_WARN_OBJC_IMPLICIT_RETAIN_SELF = YES;
				CLANG_WARN_OBJC_LITERAL_CONVERSION = YES;
				CLANG_WARN_OBJC_ROOT_CLASS = YES_ERROR;
				CLANG_WARN_QUOTED_INCLUDE_IN_FRAMEWORK_HEADER = YES;
				CLANG_WARN_RANGE_LOOP_ANALYSIS = YES;
				CLANG_WARN_STRICT_PROTOTYPES = YES;
				CLANG_WARN_SUSPICIOUS_MOVE = YES;
				CLANG_WARN_UNGUARDED_AVAILABILITY = YES_AGGRESSIVE;
				CLANG_WARN_UNREACHABLE_CODE = YES;
				CLANG_WARN__DUPLICATE_METHOD_MATCH = YES;
				COPY_PHASE_STRIP = NO;
				DEBUG_INFORMATION_FORMAT = "dwarf-with-dsym";
				ENABLE_NS_ASSERTIONS = NO;
				ENABLE_STRICT_OBJC_MSGSEND = YES;
				GCC_C_LANGUAGE_STANDARD = gnu11;
				GCC_NO_COMMON_BLOCKS = YES;
				GCC_WARN_64_TO_32_BIT_CONVERSION = YES;
				GCC_WARN_ABOUT_RETURN_TYPE = YES_ERROR;
				GCC_WARN_UNDECLARED_SELECTOR = YES;
				GCC_WARN_UNINITIALIZED_AUTOS = YES_AGGRESSIVE;
				GCC_WARN_UNUSED_FUNCTION = YES;
				GCC_WARN_UNUSED_VARIABLE = YES;
				IPHONEOS_DEPLOYMENT_TARGET = 14.5;
				MTL_ENABLE_DEBUG_INFO = NO;
				MTL_FAST_MATH = YES;
				SDKROOT = iphoneos;
				SWIFT_COMPILATION_MODE = wholemodule;
				SWIFT_OPTIMIZATION_LEVEL = "-O";
				VALIDATE_PRODUCT = YES;
			};
			name = Release;
		};
		A1040A5526E55DDE00BF6963 /* Debug */ = {
			isa = XCBuildConfiguration;
			baseConfigurationReference = 4F541F142228FB1D2C376B3C /* Pods-Flixster.debug.xcconfig */;
			buildSettings = {
				ASSETCATALOG_COMPILER_APPICON_NAME = AppIcon;
				ASSETCATALOG_COMPILER_GLOBAL_ACCENT_COLOR_NAME = AccentColor;
				CODE_SIGN_STYLE = Automatic;
				INFOPLIST_FILE = Flixster/Info.plist;
				LD_RUNPATH_SEARCH_PATHS = (
					"$(inherited)",
					"@executable_path/Frameworks",
				);
				PRODUCT_BUNDLE_IDENTIFIER = Kevin2259.Flixster;
				PRODUCT_NAME = "$(TARGET_NAME)";
				SWIFT_VERSION = 5.0;
				TARGETED_DEVICE_FAMILY = "1,2";
			};
			name = Debug;
		};
		A1040A5626E55DDE00BF6963 /* Release */ = {
			isa = XCBuildConfiguration;
			baseConfigurationReference = 375FC6145F078A3F5457C118 /* Pods-Flixster.release.xcconfig */;
			buildSettings = {
				ASSETCATALOG_COMPILER_APPICON_NAME = AppIcon;
				ASSETCATALOG_COMPILER_GLOBAL_ACCENT_COLOR_NAME = AccentColor;
				CODE_SIGN_STYLE = Automatic;
				INFOPLIST_FILE = Flixster/Info.plist;
				LD_RUNPATH_SEARCH_PATHS = (
					"$(inherited)",
					"@executable_path/Frameworks",
				);
				PRODUCT_BUNDLE_IDENTIFIER = Kevin2259.Flixster;
				PRODUCT_NAME = "$(TARGET_NAME)";
				SWIFT_VERSION = 5.0;
				TARGETED_DEVICE_FAMILY = "1,2";
			};
			name = Release;
		};
		A1040A5826E55DDE00BF6963 /* Debug */ = {
			isa = XCBuildConfiguration;
			baseConfigurationReference = 2F8B23459B6BF0F51C1FE3A3 /* Pods-FlixsterTests.debug.xcconfig */;
			buildSettings = {
				ALWAYS_EMBED_SWIFT_STANDARD_LIBRARIES = YES;
				BUNDLE_LOADER = "$(TEST_HOST)";
				CODE_SIGN_STYLE = Automatic;
				INFOPLIST_FILE = FlixsterTests/Info.plist;
				IPHONEOS_DEPLOYMENT_TARGET = 14.5;
				LD_RUNPATH_SEARCH_PATHS = (
					"$(inherited)",
					"@executable_path/Frameworks",
					"@loader_path/Frameworks",
				);
				PRODUCT_BUNDLE_IDENTIFIER = Kevin2259.FlixsterTests;
				PRODUCT_NAME = "$(TARGET_NAME)";
				SWIFT_VERSION = 5.0;
				TARGETED_DEVICE_FAMILY = "1,2";
				TEST_HOST = "$(BUILT_PRODUCTS_DIR)/Flixster.app/Flixster";
			};
			name = Debug;
		};
		A1040A5926E55DDE00BF6963 /* Release */ = {
			isa = XCBuildConfiguration;
			baseConfigurationReference = 072354F56191F60A63E3A4D3 /* Pods-FlixsterTests.release.xcconfig */;
			buildSettings = {
				ALWAYS_EMBED_SWIFT_STANDARD_LIBRARIES = YES;
				BUNDLE_LOADER = "$(TEST_HOST)";
				CODE_SIGN_STYLE = Automatic;
				INFOPLIST_FILE = FlixsterTests/Info.plist;
				IPHONEOS_DEPLOYMENT_TARGET = 14.5;
				LD_RUNPATH_SEARCH_PATHS = (
					"$(inherited)",
					"@executable_path/Frameworks",
					"@loader_path/Frameworks",
				);
				PRODUCT_BUNDLE_IDENTIFIER = Kevin2259.FlixsterTests;
				PRODUCT_NAME = "$(TARGET_NAME)";
				SWIFT_VERSION = 5.0;
				TARGETED_DEVICE_FAMILY = "1,2";
				TEST_HOST = "$(BUILT_PRODUCTS_DIR)/Flixster.app/Flixster";
			};
			name = Release;
		};
		A1040A5B26E55DDE00BF6963 /* Debug */ = {
			isa = XCBuildConfiguration;
			baseConfigurationReference = 30DF5EF82D8D4389FEB34CEC /* Pods-Flixster-FlixsterUITests.debug.xcconfig */;
			buildSettings = {
				ALWAYS_EMBED_SWIFT_STANDARD_LIBRARIES = YES;
				CODE_SIGN_STYLE = Automatic;
				INFOPLIST_FILE = FlixsterUITests/Info.plist;
				LD_RUNPATH_SEARCH_PATHS = (
					"$(inherited)",
					"@executable_path/Frameworks",
					"@loader_path/Frameworks",
				);
				PRODUCT_BUNDLE_IDENTIFIER = Kevin2259.FlixsterUITests;
				PRODUCT_NAME = "$(TARGET_NAME)";
				SWIFT_VERSION = 5.0;
				TARGETED_DEVICE_FAMILY = "1,2";
				TEST_TARGET_NAME = Flixster;
			};
			name = Debug;
		};
		A1040A5C26E55DDE00BF6963 /* Release */ = {
			isa = XCBuildConfiguration;
			baseConfigurationReference = F881685DB471E39C2E4F1C41 /* Pods-Flixster-FlixsterUITests.release.xcconfig */;
			buildSettings = {
				ALWAYS_EMBED_SWIFT_STANDARD_LIBRARIES = YES;
				CODE_SIGN_STYLE = Automatic;
				INFOPLIST_FILE = FlixsterUITests/Info.plist;
				LD_RUNPATH_SEARCH_PATHS = (
					"$(inherited)",
					"@executable_path/Frameworks",
					"@loader_path/Frameworks",
				);
				PRODUCT_BUNDLE_IDENTIFIER = Kevin2259.FlixsterUITests;
				PRODUCT_NAME = "$(TARGET_NAME)";
				SWIFT_VERSION = 5.0;
				TARGETED_DEVICE_FAMILY = "1,2";
				TEST_TARGET_NAME = Flixster;
			};
			name = Release;
		};
/* End XCBuildConfiguration section */

/* Begin XCConfigurationList section */
		A1040A2526E55DDC00BF6963 /* Build configuration list for PBXProject "Flixster" */ = {
			isa = XCConfigurationList;
			buildConfigurations = (
				A1040A5226E55DDE00BF6963 /* Debug */,
				A1040A5326E55DDE00BF6963 /* Release */,
			);
			defaultConfigurationIsVisible = 0;
			defaultConfigurationName = Release;
		};
		A1040A5426E55DDE00BF6963 /* Build configuration list for PBXNativeTarget "Flixster" */ = {
			isa = XCConfigurationList;
			buildConfigurations = (
				A1040A5526E55DDE00BF6963 /* Debug */,
				A1040A5626E55DDE00BF6963 /* Release */,
			);
			defaultConfigurationIsVisible = 0;
			defaultConfigurationName = Release;
		};
		A1040A5726E55DDE00BF6963 /* Build configuration list for PBXNativeTarget "FlixsterTests" */ = {
			isa = XCConfigurationList;
			buildConfigurations = (
				A1040A5826E55DDE00BF6963 /* Debug */,
				A1040A5926E55DDE00BF6963 /* Release */,
			);
			defaultConfigurationIsVisible = 0;
			defaultConfigurationName = Release;
		};
		A1040A5A26E55DDE00BF6963 /* Build configuration list for PBXNativeTarget "FlixsterUITests" */ = {
			isa = XCConfigurationList;
			buildConfigurations = (
				A1040A5B26E55DDE00BF6963 /* Debug */,
				A1040A5C26E55DDE00BF6963 /* Release */,
			);
			defaultConfigurationIsVisible = 0;
			defaultConfigurationName = Release;
		};
/* End XCConfigurationList section */

/* Begin XCRemoteSwiftPackageReference section */
		A13D366026E8770400877964 /* XCRemoteSwiftPackageReference "AlamofireImage" */ = {
			isa = XCRemoteSwiftPackageReference;
			repositoryURL = "https://github.com/Alamofire/AlamofireImage";
			requirement = {
				kind = upToNextMajorVersion;
				minimumVersion = 4.2.0;
			};
		};
/* End XCRemoteSwiftPackageReference section */

/* Begin XCSwiftPackageProductDependency section */
		A13D366126E8770400877964 /* AlamofireImage */ = {
			isa = XCSwiftPackageProductDependency;
			package = A13D366026E8770400877964 /* XCRemoteSwiftPackageReference "AlamofireImage" */;
			productName = AlamofireImage;
		};
/* End XCSwiftPackageProductDependency section */
	};
	rootObject = A1040A2226E55DDC00BF6963 /* Project object */;
}
